
Microsoft Visual Studio Solution File, Format Version 12.00
# Visual Studio Version 17
VisualStudioVersion = 17.8.34408.163
MinimumVisualStudioVersion = 10.0.40219.1
Project("{FAE04EC0-301F-11D3-BF4B-00C04F79EFBC}") = "MauiApp2", "MauiApp2\MauiApp2.csproj", "{90383A7D-E287-4B6B-AE57-EDFF2E81F06C}"
EndProject
Global
	GlobalSection(SolutionConfigurationPlatforms) = preSolution
		Debug|Any CPU = Debug|Any CPU
		Release|Any CPU = Release|Any CPU
	EndGlobalSection
	GlobalSection(ProjectConfigurationPlatforms) = postSolution
		{90383A7D-E287-4B6B-AE57-EDFF2E81F06C}.Debug|Any CPU.ActiveCfg = Debug|Any CPU
		{90383A7D-E287-4B6B-AE57-EDFF2E81F06C}.Debug|Any CPU.Build.0 = Debug|Any CPU
		{90383A7D-E287-4B6B-AE57-EDFF2E81F06C}.Debug|Any CPU.Deploy.0 = Debug|Any CPU
		{90383A7D-E287-4B6B-AE57-EDFF2E81F06C}.Release|Any CPU.ActiveCfg = Release|Any CPU
		{90383A7D-E287-4B6B-AE57-EDFF2E81F06C}.Release|Any CPU.Build.0 = Release|Any CPU
		{90383A7D-E287-4B6B-AE57-EDFF2E81F06C}.Release|Any CPU.Deploy.0 = Release|Any CPU
	EndGlobalSection
	GlobalSection(SolutionProperties) = preSolution
		HideSolutionNode = FALSE
	EndGlobalSection
	GlobalSection(ExtensibilityGlobals) = postSolution
		SolutionGuid = {530C7442-74DF-4337-8F21-FD53C69DD607}
	EndGlobalSection
EndGlobal
